
Microsoft Visual Studio Solution File, Format Version 12.00
# Visual Studio Version 17
VisualStudioVersion = 17.4.33213.308
MinimumVisualStudioVersion = 10.0.40219.1
Project("{FAE04EC0-301F-11D3-BF4B-00C04F79EFBC}") = "InputWatcher", "InputWatcher.csproj", "{0C749647-341E-4CCB-8043-85854694534B}"
EndProject
Global
	GlobalSection(SolutionConfigurationPlatforms) = preSolution
		Debug|Any CPU = Debug|Any CPU
		Release|Any CPU = Release|Any CPU
	EndGlobalSection
	GlobalSection(ProjectConfigurationPlatforms) = postSolution
		{0C749647-341E-4CCB-8043-85854694534B}.Debug|Any CPU.ActiveCfg = Debug|Any CPU
		{0C749647-341E-4CCB-8043-85854694534B}.Debug|Any CPU.Build.0 = Debug|Any CPU
		{0C749647-341E-4CCB-8043-85854694534B}.Release|Any CPU.ActiveCfg = Release|Any CPU
		{0C749647-341E-4CCB-8043-85854694534B}.Release|Any CPU.Build.0 = Release|Any CPU
	EndGlobalSection
	GlobalSection(SolutionProperties) = preSolution
		HideSolutionNode = FALSE
	EndGlobalSection
	GlobalSection(ExtensibilityGlobals) = postSolution
		SolutionGuid = {4D3F0955-DD66-4A5C-9E23-B5C3A357A134}
	EndGlobalSection
EndGlobal
